
Microsoft Visual Studio Solution File, Format Version 12.00
# Visual Studio Version 17
VisualStudioVersion = 17.4.33213.308
MinimumVisualStudioVersion = 10.0.40219.1
Project("{FAE04EC0-301F-11D3-BF4B-00C04F79EFBC}") = "RbxKiller", "RbxKiller\RbxKiller.csproj", "{99A4F298-ED9A-4C35-AB4C-7DEE61C87538}"
EndProject
Global
	GlobalSection(SolutionConfigurationPlatforms) = preSolution
		Debug|Any CPU = Debug|Any CPU
		Release|Any CPU = Release|Any CPU
	EndGlobalSection
	GlobalSection(ProjectConfigurationPlatforms) = postSolution
		{99A4F298-ED9A-4C35-AB4C-7DEE61C87538}.Debug|Any CPU.ActiveCfg = Debug|Any CPU
		{99A4F298-ED9A-4C35-AB4C-7DEE61C87538}.Debug|Any CPU.Build.0 = Debug|Any CPU
		{99A4F298-ED9A-4C35-AB4C-7DEE61C87538}.Release|Any CPU.ActiveCfg = Release|Any CPU
		{99A4F298-ED9A-4C35-AB4C-7DEE61C87538}.Release|Any CPU.Build.0 = Release|Any CPU
	EndGlobalSection
	GlobalSection(SolutionProperties) = preSolution
		HideSolutionNode = FALSE
	EndGlobalSection
	GlobalSection(ExtensibilityGlobals) = postSolution
		SolutionGuid = {1A0D2F6D-AD5D-4A26-94A7-231B9A1269C9}
	EndGlobalSection
EndGlobal
